
Microsoft Visual Studio Solution File, Format Version 12.00
# Visual Studio 15
VisualStudioVersion = 15.0.27004.2005
MinimumVisualStudioVersion = 10.0.40219.1
Project("{9A19103F-16F7-4668-BE54-9A1E7A4F7556}") = "MoviesRental", "MoviesRental\MoviesRental.csproj", "{994EE0F9-8119-419D-959A-0CA50CC7054C}"
EndProject
Global
	GlobalSection(SolutionConfigurationPlatforms) = preSolution
		Debug|Any CPU = Debug|Any CPU
		Release|Any CPU = Release|Any CPU
	EndGlobalSection
	GlobalSection(ProjectConfigurationPlatforms) = postSolution
		{994EE0F9-8119-419D-959A-0CA50CC7054C}.Debug|Any CPU.ActiveCfg = Debug|Any CPU
		{994EE0F9-8119-419D-959A-0CA50CC7054C}.Debug|Any CPU.Build.0 = Debug|Any CPU
		{994EE0F9-8119-419D-959A-0CA50CC7054C}.Release|Any CPU.ActiveCfg = Release|Any CPU
		{994EE0F9-8119-419D-959A-0CA50CC7054C}.Release|Any CPU.Build.0 = Release|Any CPU
	EndGlobalSection
	GlobalSection(SolutionProperties) = preSolution
		HideSolutionNode = FALSE
	EndGlobalSection
	GlobalSection(ExtensibilityGlobals) = postSolution
		SolutionGuid = {6912F96B-9299-41FB-BAE8-67B5E5B74FDA}
	EndGlobalSection
EndGlobal
